
Microsoft Visual Studio Solution File, Format Version 12.00
# Visual Studio Version 16
VisualStudioVersion = 16.0.30517.126
MinimumVisualStudioVersion = 10.0.40219.1
Project("{FAE04EC0-301F-11D3-BF4B-00C04F79EFBC}") = "StudyWPF", "src\StudyWPF.csproj", "{0184C104-687C-4040-B062-E2D2532F2A4C}"
EndProject
Project("{FAE04EC0-301F-11D3-BF4B-00C04F79EFBC}") = "StudyWPF.Calendario.DTO", "calendario.dto\StudyWPF.Calendario.DTO\StudyWPF.Calendario.DTO.csproj", "{1EF9BDD2-9B7F-4262-9B31-CE66C73B343C}"
EndProject
Project("{2150E333-8FDC-42A3-9474-1A3956D46DE8}") = "tests", "tests", "{1AEE87EE-F677-43DC-9FEE-FA0F35E02D4A}"
EndProject
Project("{FAE04EC0-301F-11D3-BF4B-00C04F79EFBC}") = "StudyWPF.UnitTests", "tests\StudyWPF.UnitTests\StudyWPF.UnitTests.csproj", "{81D7F60C-DCC4-43A7-B5C7-D0A417459A1A}"
EndProject
Global
	GlobalSection(SolutionConfigurationPlatforms) = preSolution
		Debug|Any CPU = Debug|Any CPU
		Release|Any CPU = Release|Any CPU
	EndGlobalSection
	GlobalSection(ProjectConfigurationPlatforms) = postSolution
		{0184C104-687C-4040-B062-E2D2532F2A4C}.Debug|Any CPU.ActiveCfg = Debug|Any CPU
		{0184C104-687C-4040-B062-E2D2532F2A4C}.Debug|Any CPU.Build.0 = Debug|Any CPU
		{0184C104-687C-4040-B062-E2D2532F2A4C}.Release|Any CPU.ActiveCfg = Release|Any CPU
		{0184C104-687C-4040-B062-E2D2532F2A4C}.Release|Any CPU.Build.0 = Release|Any CPU
		{1EF9BDD2-9B7F-4262-9B31-CE66C73B343C}.Debug|Any CPU.ActiveCfg = Debug|Any CPU
		{1EF9BDD2-9B7F-4262-9B31-CE66C73B343C}.Debug|Any CPU.Build.0 = Debug|Any CPU
		{1EF9BDD2-9B7F-4262-9B31-CE66C73B343C}.Release|Any CPU.ActiveCfg = Release|Any CPU
		{1EF9BDD2-9B7F-4262-9B31-CE66C73B343C}.Release|Any CPU.Build.0 = Release|Any CPU
		{81D7F60C-DCC4-43A7-B5C7-D0A417459A1A}.Debug|Any CPU.ActiveCfg = Debug|Any CPU
		{81D7F60C-DCC4-43A7-B5C7-D0A417459A1A}.Debug|Any CPU.Build.0 = Debug|Any CPU
		{81D7F60C-DCC4-43A7-B5C7-D0A417459A1A}.Release|Any CPU.ActiveCfg = Release|Any CPU
		{81D7F60C-DCC4-43A7-B5C7-D0A417459A1A}.Release|Any CPU.Build.0 = Release|Any CPU
	EndGlobalSection
	GlobalSection(SolutionProperties) = preSolution
		HideSolutionNode = FALSE
	EndGlobalSection
	GlobalSection(NestedProjects) = preSolution
		{81D7F60C-DCC4-43A7-B5C7-D0A417459A1A} = {1AEE87EE-F677-43DC-9FEE-FA0F35E02D4A}
	EndGlobalSection
	GlobalSection(ExtensibilityGlobals) = postSolution
		SolutionGuid = {43985110-B55D-421A-BB9A-A82C17A9722B}
	EndGlobalSection
EndGlobal
